lockfileVersion: '9.0'

settings:
  autoInstallPeers: true
  excludeLinksFromLockfile: false

importers:

  .:
    dependencies:
      deepmerge:
        specifier: ^4.3.1
        version: 4.3.1
      json5:
        specifier: ^2.2.3
        version: 2.2.3
      reduce-configs:
        specifier: ^1.1.2
        version: 1.1.2
      ts-checker-rspack-plugin:
        specifier: ^1.4.0
        version: 1.4.0(@rspack/core@2.0.5(@swc/helpers@0.5.23))(@typescript/native-preview@7.0.0-dev.20260607.1)(tslib@2.8.1)(typescript@6.0.3)
    devDependencies:
      '@playwright/test':
        specifier: ^1.60.0
        version: 1.60.0
      '@rsbuild/core':
        specifier: ^2.0.9
        version: 2.0.9
      '@rslib/core':
        specifier: ^0.22.0
        version: 0.22.0(@typescript/native-preview@7.0.0-dev.20260607.1)(typescript@6.0.3)
      '@rslint/core':
        specifier: ^0.5.3
        version: 0.5.3
      '@types/fs-extra':
        specifier: ^11.0.4
        version: 11.0.4
      '@types/node':
        specifier: ^24.12.4
        version: 24.12.4
      '@typescript/native-preview':
        specifier: 7.0.0-dev.20260607.1
        version: 7.0.0-dev.20260607.1
      fs-extra:
        specifier: ^11.3.5
        version: 11.3.5
      playwright:
        specifier: ^1.60.0
        version: 1.60.0
      prettier:
        specifier: ^3.8.3
        version: 3.8.3
      simple-git-hooks:
        specifier: ^2.13.1
        version: 2.13.1
      typescript:
        specifier: ^6.0.3
        version: 6.0.3

packages:

  '@ast-grep/napi-darwin-arm64@0.37.0':
    resolution: {integrity: sha512-QAiIiaAbLvMEg/yBbyKn+p1gX2/FuaC0SMf7D7capm/oG4xGMzdeaQIcSosF4TCxxV+hIH4Bz9e4/u7w6Bnk3Q==}
    engines: {node: '>= 10'}
    cpu: [arm64]
    os: [darwin]

  '@ast-grep/napi-darwin-x64@0.37.0':
    resolution: {integrity: sha512-zvcvdgekd4ySV3zUbUp8HF5nk5zqwiMXTuVzTUdl/w08O7JjM6XPOIVT+d2o/MqwM9rsXdzdergY5oY2RdhSPA==}
    engines: {node: '>= 10'}
    cpu: [x64]
    os: [darwin]

  '@ast-grep/napi-linux-arm64-gnu@0.37.0':
    resolution: {integrity: sha512-L7Sj0lXy8X+BqSMgr1LB8cCoWk0rericdeu+dC8/c8zpsav5Oo2IQKY1PmiZ7H8IHoFBbURLf8iklY9wsD+cyA==}
    engines: {node: '>= 10'}
    cpu: [arm64]
    os: [linux]
    libc: [glibc]

  '@ast-grep/napi-linux-arm64-musl@0.37.0':
    resolution: {integrity: sha512-LF9sAvYy6es/OdyJDO3RwkX3I82Vkfsng1sqUBcoWC1jVb1wX5YVzHtpQox9JrEhGl+bNp7FYxB4Qba9OdA5GA==}
    engines: {node: '>= 10'}
    cpu: [arm64]
    os: [linux]
    libc: [musl]

  '@ast-grep/napi-linux-x64-gnu@0.37.0':
    resolution: {integrity: sha512-TViz5/klqre6aSmJzswEIjApnGjJzstG/SE8VDWsrftMBMYt2PTu3MeluZVwzSqDao8doT/P+6U11dU05UOgxw==}
    engines: {node: '>= 10'}
    cpu: [x64]
    os: [linux]
    libc: [glibc]

  '@ast-grep/napi-linux-x64-musl@0.37.0':
    resolution: {integrity: sha512-/BcCH33S9E3ovOAEoxYngUNXgb+JLg991sdyiNP2bSoYd30a9RHrG7CYwW6fMgua3ijQ474eV6cq9yZO1bCpXg==}
    engines: {node: '>= 10'}
    cpu: [x64]
    os: [linux]
    libc: [musl]

  '@ast-grep/napi-win32-arm64-msvc@0.37.0':
    resolution: {integrity: sha512-TjQA4cFoIEW2bgjLkaL9yqT4XWuuLa5MCNd0VCDhGRDMNQ9+rhwi9eLOWRaap3xzT7g+nlbcEHL3AkVCD2+b3A==}
    engines: {node: '>= 10'}
    cpu: [arm64]
    os: [win32]

  '@ast-grep/napi-win32-ia32-msvc@0.37.0':
    resolution: {integrity: sha512-uNmVka8fJCdYsyOlF9aZqQMLTatEYBynjChVTzUfFMDfmZ0bihs/YTqJVbkSm8TZM7CUX82apvn50z/dX5iWRA==}
    engines: {node: '>= 10'}
    cpu: [ia32]
    os: [win32]

  '@ast-grep/napi-win32-x64-msvc@0.37.0':
    resolution: {integrity: sha512-vCiFOT3hSCQuHHfZ933GAwnPzmL0G04JxQEsBRfqONywyT8bSdDc/ECpAfr3S9VcS4JZ9/F6tkePKW/Om2Dq2g==}
    engines: {node: '>= 10'}
    cpu: [x64]
    os: [win32]

  '@ast-grep/napi@0.37.0':
    resolution: {integrity: sha512-Hb4o6h1Pf6yRUAX07DR4JVY7dmQw+RVQMW5/m55GoiAT/VRoKCWBtIUPPOnqDVhbx1Cjfil9b6EDrgJsUAujEQ==}
    engines: {node: '>= 10'}

  '@emnapi/core@1.10.0':
    resolution: {integrity: sha512-yq6OkJ4p82CAfPl0u9mQebQHKPJkY7WrIuk205cTYnYe+k2Z8YBh11FrbRG/H6ihirqcacOgl2BIO8oyMQLeXw==}

  '@emnapi/runtime@1.10.0':
    resolution: {integrity: sha512-ewvYlk86xUoGI0zQRNq/mC+16R1QeDlKQy21Ki3oSYXNgLb45GV1P6A0M+/s6nyCuNDqe5VpaY84BzXGwVbwFA==}

  '@emnapi/wasi-threads@1.2.1':
    resolution: {integrity: sha512-uTII7OYF+/Mes/MrcIOYp5yOtSMLBWSIoLPpcgwipoiKbli6k322tcoFsxoIIxPDqW01SQGAgko4EzZi2BNv2w==}

  '@jsonjoy.com/base64@1.1.2':
    resolution: {integrity: sha512-q6XAnWQDIMA3+FTiOYajoYqySkO+JSat0ytXGSuRdq9uXE7o92gzuQwQM14xaCRlBLGq3v5miDGC4vkVTn54xA==}
    engines: {node: '>=10.0'}
    peerDependencies:
      tslib: '2'

  '@jsonjoy.com/base64@17.67.0':
    resolution: {integrity: sha512-5SEsJGsm15aP8TQGkDfJvz9axgPwAEm98S5DxOuYe8e1EbfajcDmgeXXzccEjh+mLnjqEKrkBdjHWS5vFNwDdw==}
    engines: {node: '>=10.0'}
    peerDependencies:
      tslib: '2'

  '@jsonjoy.com/buffers@1.2.1':
    resolution: {integrity: sha512-12cdlDwX4RUM3QxmUbVJWqZ/mrK6dFQH4Zxq6+r1YXKXYBNgZXndx2qbCJwh3+WWkCSn67IjnlG3XYTvmvYtgA==}
    engines: {node: '>=10.0'}
    peerDependencies:
      tslib: '2'

  '@jsonjoy.com/buffers@17.67.0':
    resolution: {integrity: sha512-tfExRpYxBvi32vPs9ZHaTjSP4fHAfzSmcahOfNxtvGHcyJel+aibkPlGeBB+7AoC6hL7lXIE++8okecBxx7lcw==}
    engines: {node: '>=10.0'}
    peerDependencies:
      tslib: '2'

  '@jsonjoy.com/codegen@1.0.0':
    resolution: {integrity: sha512-E8Oy+08cmCf0EK/NMxpaJZmOxPqM+6iSe2S4nlSBrPZOORoDJILxtbSUEDKQyTamm/BVAhIGllOBNU79/dwf0g==}
    engines: {node: '>=10.0'}
    peerDependencies:
      tslib: '2'

  '@jsonjoy.com/codegen@17.67.0':
    resolution: {integrity: sha512-idnkUplROpdBOV0HMcwhsCUS5TRUi9poagdGs70A6S4ux9+/aPuKbh8+UYRTLYQHtXvAdNfQWXDqZEx5k4Dj2Q==}
    engines: {node: '>=10.0'}
    peerDependencies:
      tslib: '2'

  '@jsonjoy.com/fs-core@4.57.6':
    resolution: {integrity: sha512-uI++Wx6VkBJqVmkb4ZeExwAVpZiA2Do5NrEtXoDk0Pdvce3ytFXJoviT1sLOj16+qDIMnD5nWPfOhVpnDmRJKg==}
    engines: {node: '>=10.0'}
    peerDependencies:
      tslib: '2'

  '@jsonjoy.com/fs-fsa@4.57.6':
    resolution: {integrity: sha512-pKkw/yC5CzSZKhIIUIsH1przOa+K5jGmZIg1sWaSF24JojyrUFbjcQv7QrcGAudriei6HQ6R0BFj+V8NbQinJw==}
    engines: {node: '>=10.0'}
    peerDependencies:
      tslib: '2'

  '@jsonjoy.com/fs-node-builtins@4.57.6':
    resolution: {integrity: sha512-V4DgEFT3Cg5S9fCMOZSCVdTxdJWWLBO0WnAazV7hnCM96u5zXHyW/ubDAfcSVwqjkMJ50W1Y44IXtxRoIwaCVg==}
    engines: {node: '>=10.0'}
    peerDependencies:
      tslib: '2'

  '@jsonjoy.com/fs-node-to-fsa@4.57.6':
    resolution: {integrity: sha512-+JptNw3iifihxH2rEXrninDzX4FFVW8JD/wPR8GbJPAeL9CQUSblrlumOPB5gZuS7tYRX+PJPLtT7XzKoRhv/Q==}
    engines: {node: '>=10.0'}
    peerDependencies:
      tslib: '2'

  '@jsonjoy.com/fs-node-utils@4.57.6':
    resolution: {integrity: sha512-foyUrfS7WmYEUzqYXSNxmJBcSj04TABrkpFabwO9SCDCpVCfJ+qG+2sk5FjfiflG2n0SDFZDCJ6vYlJAEpxJFg==}
    engines: {node: '>=10.0'}
    peerDependencies:
      tslib: '2'

  '@jsonjoy.com/fs-node@4.57.6':
    resolution: {integrity: sha512-Kbn1jdkvDN4F2+BhoB6mMu7NCbhP0bgA5NcI1aJj/Q5UcU+I1JLLW+dEQean33iV4tXv35AzBVKPICnDltBpxw==}
    engines: {node: '>=10.0'}
    peerDependencies:
      tslib: '2'

  '@jsonjoy.com/fs-print@4.57.6':
    resolution: {integrity: sha512-96eAn4Dudtt67LTeuU47yUD+pg9/G/oKpI10zei9ljk3X3WK4lYKc+n3cpaPCAbKPzoyfxl0mXm8f8Y7BOSFXw==}
    engines: {node: '>=10.0'}
    peerDependencies:
      tslib: '2'

  '@jsonjoy.com/fs-snapshot@4.57.6':
    resolution: {integrity: sha512-V57CMzbOgTzUWGOWQ8GzHQdpJP6JnrYVNCtTBNxVYEnlVRvo4uEJqHhtAT8vhDFrIuJOXLrTL1Fki4h5oI7xxg==}
    engines: {node: '>=10.0'}
    peerDependencies:
      tslib: '2'

  '@jsonjoy.com/json-pack@1.21.0':
    resolution: {integrity: sha512-+AKG+R2cfZMShzrF2uQw34v3zbeDYUqnQ+jg7ORic3BGtfw9p/+N6RJbq/kkV8JmYZaINknaEQ2m0/f693ZPpg==}
    engines: {node: '>=10.0'}
    peerDependencies:
      tslib: '2'

  '@jsonjoy.com/json-pack@17.67.0':
    resolution: {integrity: sha512-t0ejURcGaZsn1ClbJ/3kFqSOjlryd92eQY465IYrezsXmPcfHPE/av4twRSxf6WE+TkZgLY+71vCZbiIiFKA/w==}
    engines: {node: '>=10.0'}
    peerDependencies:
      tslib: '2'

  '@jsonjoy.com/json-pointer@1.0.2':
    resolution: {integrity: sha512-Fsn6wM2zlDzY1U+v4Nc8bo3bVqgfNTGcn6dMgs6FjrEnt4ZCe60o6ByKRjOGlI2gow0aE/Q41QOigdTqkyK5fg==}
    engines: {node: '>=10.0'}
    peerDependencies:
      tslib: '2'

  '@jsonjoy.com/json-pointer@17.67.0':
    resolution: {integrity: sha512-+iqOFInH+QZGmSuaybBUNdh7yvNrXvqR+h3wjXm0N/3JK1EyyFAeGJvqnmQL61d1ARLlk/wJdFKSL+LHJ1eaUA==}
    engines: {node: '>=10.0'}
    peerDependencies:
      tslib: '2'

  '@jsonjoy.com/util@1.9.0':
    resolution: {integrity: sha512-pLuQo+VPRnN8hfPqUTLTHk126wuYdXVxE6aDmjSeV4NCAgyxWbiOIeNJVtID3h1Vzpoi9m4jXezf73I6LgabgQ==}
    engines: {node: '>=10.0'}
    peerDependencies:
      tslib: '2'

  '@jsonjoy.com/util@17.67.0':
    resolution: {integrity: sha512-6+8xBaz1rLSohlGh68D1pdw3AwDi9xydm8QNlAFkvnavCJYSze+pxoW2VKP8p308jtlMRLs5NTHfPlZLd4w7ew==}
    engines: {node: '>=10.0'}
    peerDependencies:
      tslib: '2'

  '@napi-rs/wasm-runtime@1.1.4':
    resolution: {integrity: sha512-3NQNNgA1YSlJb/kMH1ildASP9HW7/7kYnRI2szWJaofaS1hWmbGI4H+d3+22aGzXXN9IJ+n+GiFVcGipJP18ow==}
    peerDependencies:
      '@emnapi/core': ^1.7.1
      '@emnapi/runtime': ^1.7.1

  '@playwright/test@1.60.0':
    resolution: {integrity: sha512-O71yZIbAh/PxDMNGns37GHBIfrVkEVyn+AXyIa5dOTfb4/xNvRWV+Vv/NMbNCtODB/pO7vLlF2OTmMVLhmr7Ag==}
    engines: {node: '>=18'}
    hasBin: true

  '@rsbuild/core@2.0.9':
    resolution: {integrity: sha512-lK2bMNuwh3TuLXLskS7nG3fnQk+6eaLeeZiquJWcna4JZx9iaI59JSd+iLcg5TeZLjEVygkwn/HcE+yuYDQRAw==}
    engines: {node: ^20.19.0 || >=22.12.0}
    hasBin: true
    peerDependencies:
      core-js: '>= 3.0.0'
    peerDependenciesMeta:
      core-js:
        optional: true

  '@rslib/core@0.22.0':
    resolution: {integrity: sha512-DGTMBDTSdILac0SmeBWvdYf/ZDn09vXgbJQ3/N1J7i6vBpFGWCCKjARoz1R5jYqr1Z9tLJ1OfOVZktbNY/XXuA==}
    engines: {node: ^20.19.0 || >=22.12.0}
    hasBin: true
    peerDependencies:
      '@microsoft/api-extractor': ^7
      typescript: ^5 || ^6
    peerDependenciesMeta:
      '@microsoft/api-extractor':
        optional: true
      typescript:
        optional: true

  '@rslint/core@0.5.3':
    resolution: {integrity: sha512-7s7Yb9L0mwI2sl06G5HTI7ENd1iJiGYFVWbHjeJbXa7bLM5rPwkgWsYMRZo4kYQIYqpqD4Oqraor+zawEcunkw==}
    hasBin: true
    peerDependencies:
      jiti: ^2.0.0
    peerDependenciesMeta:
      jiti:
        optional: true

  '@rslint/darwin-arm64@0.5.3':
    resolution: {integrity: sha512-g/VSIw1/slkvQsNRbHpImAip/sCjEaqE/Z5ZE6plL7GXdeztWckSevu+J5v07JmILvebJ7ZUgFvMw/ydTdxofw==}
    cpu: [arm64]
    os: [darwin]

  '@rslint/darwin-x64@0.5.3':
    resolution: {integrity: sha512-+29fPLRjkNVQW7DAtgNkQH6rYg1CdjJYHhBhRHT8TJWU8+N3GrhWjbxEvW9XThkABpDqsxAGS86wCE060QuRpQ==}
    cpu: [x64]
    os: [darwin]

  '@rslint/linux-arm64@0.5.3':
    resolution: {integrity: sha512-gpvnMVVP0wPe0T9qeITkaBB9WldxQPnJP8u314cG4sDyGV/qISKvUOPPk4AM3YG0f4UU7FA9gUySLptHLcDOFw==}
    cpu: [arm64]
    os: [linux]

  '@rslint/linux-x64@0.5.3':
    resolution: {integrity: sha512-/ZzTWlZwi+Ff74tbnGYgLUc7YTDVsNuaL3EeZFuFIYk02Lge9UCCJywMExoLVTdhrZh7fRWu6nlS6sf1/okb8g==}
    cpu: [x64]
    os: [linux]

  '@rslint/win32-arm64@0.5.3':
    resolution: {integrity: sha512-l5T5VeKQKjLMpUqahU/UDRV0UQcjvxN+r6bOSl+do0xCsYXpfEiI6HlE33//+VilJ120t2SI5e8Hnidaha3XEw==}
    cpu: [arm64]
    os: [win32]

  '@rslint/win32-x64@0.5.3':
    resolution: {integrity: sha512-aPbtXTNeM9A5pA3krRzEaHGA6RLLkG5k8naNWGIfQnwfjMCk6vzjTyL6Wceg6Oq+qjTDnBLzU3RqZhpXwPeJ7w==}
    cpu: [x64]
    os: [win32]

  '@rspack/binding-darwin-arm64@2.0.5':
    resolution: {integrity: sha512-++wjLQjQ20GcR0DwbzQmVXg9qy4XCX5NlfSzkzj2icHoDxr3KkrXhyVrQkdWuNG6l/bQrGLPnvLEAqkroC2Y7A==}
    cpu: [arm64]
    os: [darwin]

  '@rspack/binding-darwin-x64@2.0.5':
    resolution: {integrity: sha512-JBD5mCN3JKjV64Mh9nDYx8lLUrWDfEl5tLBuMkREUnqEKbo+z4nfwotyqHHM8/XgZwL+Gr7ps4GLWuQQrZB8+Q==}
    cpu: [x64]
    os: [darwin]

  '@rspack/binding-linux-arm64-gnu@2.0.5':
    resolution: {integrity: sha512-JI8+//woanJPNsfL7iGjX39zyiWumnrKHznWQM/7lEtE5nPmk+j+X7TYXxczSWC9zfZegiqI74D3L5JPDC84Fw==}
    cpu: [arm64]
    os: [linux]
    libc: [glibc]

  '@rspack/binding-linux-arm64-musl@2.0.5':
    resolution: {integrity: sha512-5LujilxLtJFRiiPz5i5iWcWJriK9oy4gN7gZtTo8YRB7wwmwA8LMypTjjO0GLbkPS4/KeCfY4fDfTC29KmK+tA==}
    cpu: [arm64]
    os: [linux]
    libc: [musl]

  '@rspack/binding-linux-x64-gnu@2.0.5':
    resolution: {integrity: sha512-241wqE132jh+/U/pn97qUPV4KpIy4bSrTH0tqfzQCocgw+8hrUj02GqNG+3MXVC3qtwaQeJFYgEBy3TqFKsrIQ==}
    cpu: [x64]
    os: [linux]
    libc: [glibc]

  '@rspack/binding-linux-x64-musl@2.0.5':
    resolution: {integrity: sha512-BhaXZD064Lci3Kia0kLDAb4TyxO2C+0UidMlj44e8+ctasxIfFZgnrhCJrhTFHAtOiAwqhU3FHun2UuxPqX0Eg==}
    cpu: [x64]
    os: [linux]
    libc: [musl]

  '@rspack/binding-wasm32-wasi@2.0.5':
    resolution: {integrity: sha512-duEkRoXrl9SW8uGHv7JURJ5lgKu87qFDQ4Exy6UQPvsUJVXhtRXTfvMHCb/CejVJuW2Bw2D632/axZq3qRSuBQ==}
    cpu: [wasm32]

  '@rspack/binding-win32-arm64-msvc@2.0.5':
    resolution: {integrity: sha512-q2WT3HFoWL+2g84l3s2kY7CiE1gEZ1bwB3txx3eZzQQ6YKP7bE82z6sl6S/pTOHGjHdAO4snQXpSaHwUt3LX5g==}
    cpu: [arm64]
    os: [win32]

  '@rspack/binding-win32-ia32-msvc@2.0.5':
    resolution: {integrity: sha512-nMJGIY7kvgbyMolEE7tXDe+Z9jSItDshTIqMQQkkD3WTHdjlBQozHxk4kBtKLsunO+3NkCLe5Oa3hXg1yyStIg==}
    cpu: [ia32]
    os: [win32]

  '@rspack/binding-win32-x64-msvc@2.0.5':
    resolution: {integrity: sha512-vP0BR6fxdPL9cb02HAuZATg/CjR07aecWel3s1vqRwW1aDffgXh9PVmqEKIHTgyaNsNR55kSKNJsB9AcQ8/QrA==}
    cpu: [x64]
    os: [win32]

  '@rspack/binding@2.0.5':
    resolution: {integrity: sha512-Ta1y4WXJA87wM1OstqaMddoPsBGv7Cu779bYToKxEAqR/Yy9DxLkp7bdgBaAx2JH++BwVjV+toWts2V9AaiTFQ==}

  '@rspack/core@2.0.5':
    resolution: {integrity: sha512-9tv2HAnSiTote5WPH2tmz1hLZ1zKbzkiZc1eYp7LP/8jcsiJBuf40ihiWidAgbbuYtJo3kWET6q+qOm5UhNiGA==}
    engines: {node: ^20.19.0 || >=22.12.0}
    peerDependencies:
      '@module-federation/runtime-tools': ^0.24.1 || ^2.0.0
      '@swc/helpers': ^0.5.23
    peerDependenciesMeta:
      '@module-federation/runtime-tools':
        optional: true
      '@swc/helpers':
        optional: true

  '@rspack/lite-tapable@1.1.2':
    resolution: {integrity: sha512-1OnyWChLGE46YzWyjlmYJssOu/Y0STAnnr2ueKPqDCYTf63GJMs0mxNnCul4dNiVqHYPKv3/fxrTY3IpqoVwZQ==}

  '@swc/helpers@0.5.23':
    resolution: {integrity: sha512-5lSsMOTXURePglDfvuAQUqkGek9Hg2kksOYay2m0+XR++b2NWYL/4sWyuvVBIs8oKnJaxkdi9whaL/sqN13afw==}

  '@tybys/wasm-util@0.10.1':
    resolution: {integrity: sha512-9tTaPJLSiejZKx+Bmog4uSubteqTvFrVrURwkmHixBo0G4seD0zUxp98E1DzUBJxLQ3NPwXrGKDiVjwx/DpPsg==}

  '@types/fs-extra@11.0.4':
    resolution: {integrity: sha512-yTbItCNreRooED33qjunPthRcSjERP1r4MqCZc7wv0u2sUkzTFp45tgUfS5+r7FrZPdmCCNflLhVSP/o+SemsQ==}

  '@types/jsonfile@6.1.4':
    resolution: {integrity: sha512-D5qGUYwjvnNNextdU59/+fI+spnwtTFmyQP0h+PfIOSkNfpU6AOICUOkm4i0OnSk+NyjdPJrxCDro0sJsWlRpQ==}

  '@types/node@24.12.4':
    resolution: {integrity: sha512-GUUEShf+PBCGW2KaXwcIt3Yk+e3pkKwWKb9GSyM9WQVE+ep2jzmHdGsHzu4wgcZy5fN9FBdVzjpBQsYlpfpgLA==}

  '@typescript/native-preview-darwin-arm64@7.0.0-dev.20260607.1':
    resolution: {integrity: sha512-7t6tPrvxiHTCL8Ye8H/XZDceUB/UTXerghIEBiVjoEvPK6AYxxqOB0vEhKGRhlCkUd3kQAcKQuda/SK63hBkTQ==}
    engines: {node: '>=16.20.0'}
    cpu: [arm64]
    os: [darwin]

  '@typescript/native-preview-darwin-x64@7.0.0-dev.20260607.1':
    resolution: {integrity: sha512-pCzBIEDQTDaXdGdv6tQkPdnvnyLdIhSApeTjP86rvm3bfNpMbSi0DkDSQoJvEeZWYDw0ewe7TTDhbgtTSmqegQ==}
    engines: {node: '>=16.20.0'}
    cpu: [x64]
    os: [darwin]

  '@typescript/native-preview-linux-arm64@7.0.0-dev.20260607.1':
    resolution: {integrity: sha512-OAJi5GpueqRVGrtDn/N8uNRriD1OX1jvJf3GyYNMKdWw4ZAArYKAmLU0ZY4rEDj4oIV2RAHf1IGVQesCBcWqIw==}
    engines: {node: '>=16.20.0'}
    cpu: [arm64]
    os: [linux]

  '@typescript/native-preview-linux-arm@7.0.0-dev.20260607.1':
    resolution: {integrity: sha512-8cFWEOlCcVh8pPiqkXkjgNqPJgOk3VLtYKijMh9KAPaDFu3EBfV9pp68uteTajljPmZdX5zYkfcMzQly2RjMzg==}
    engines: {node: '>=16.20.0'}
    cpu: [arm]
    os: [linux]

  '@typescript/native-preview-linux-x64@7.0.0-dev.20260607.1':
    resolution: {integrity: sha512-TGdfapfCFj4hl9M1/5oG6wjjhfoFviiMLru3a7ib63ozQwMDraJNqPrJuQ0tvVAoSMJb1wtVbvg7yYMml/KPLg==}
    engines: {node: '>=16.20.0'}
    cpu: [x64]
    os: [linux]

  '@typescript/native-preview-win32-arm64@7.0.0-dev.20260607.1':
    resolution: {integrity: sha512-tOEn/EC0nRnz7JHfDWwXmmBkU4dt8wdU/jYyJTOlkEhxfJtAJTjVmo4AUHwzLyV9KGIzvfymTKrQPTnD0p9ACA==}
    engines: {node: '>=16.20.0'}
    cpu: [arm64]
    os: [win32]

  '@typescript/native-preview-win32-x64@7.0.0-dev.20260607.1':
    resolution: {integrity: sha512-SBWFFs+MglgDrx8lh37uFHVQcljN09Z/D8Z+YwykMVKtYEIGM/i5WzS8Xpiegm9Vcqu3HTkuAfjQfy6X5MsqnA==}
    engines: {node: '>=16.20.0'}
    cpu: [x64]
    os: [win32]

  '@typescript/native-preview@7.0.0-dev.20260607.1':
    resolution: {integrity: sha512-+DBR9iyRZiUNhJI2CqFluJLxKl3xkBGFFCADiy63pCpLVCCNuffunRhcxQ2vhnLnM3dBDoqOHE4ekKg0GfaS/Q==}
    engines: {node: '>=16.20.0'}
    hasBin: true

  anymatch@3.1.3:
    resolution: {integrity: sha512-KMReFUr0B4t+D+OBkjR3KYqvocp2XaSzO55UcB6mgQMd3KbcE+mWTyvVV7D/zsdEbNnV6acZUutkiHQXvTr1Rw==}
    engines: {node: '>= 8'}

  binary-extensions@2.3.0:
    resolution: {integrity: sha512-Ceh+7ox5qe7LJuLHoY0feh3pHuUDHAcRUeyL2VYghZwfpkNIy/+8Ocg0a3UuSoYzavmylwuLWQOf3hl0jjMMIw==}
    engines: {node: '>=8'}

  braces@3.0.3:
    resolution: {integrity: sha512-yQbXgO/OSZVD2IsiLlro+7Hf6Q18EJrKSEsdoMzKePKXct3gvD8oLcOQdIzGupr5Fj+EDe8gO/lxc1BzfMpxvA==}
    engines: {node: '>=8'}

  chokidar@3.6.0:
    resolution: {integrity: sha512-7VT13fmjotKpGipCW9JEQAusEPE+Ei8nl6/g4FBAmIm0GOOLMua9NDDo/DWp0ZAxCr3cPq5ZpBqmPAQgDda2Pw==}
    engines: {node: '>= 8.10.0'}

  deepmerge@4.3.1:
    resolution: {integrity: sha512-3sUqbMEc77XqpdNO7FRyRog+eW3ph+GYCbj+rK+uYyRMuwsVy0rMiVtPn+QJlKFvWP/1PYpapqYn0Me2knFn+A==}
    engines: {node: '>=0.10.0'}

  fdir@6.5.0:
    resolution: {integrity: sha512-tIbYtZbucOs0BRGqPJkshJUYdL+SDH7dVM8gjy+ERp3WAUjLEFJE+02kanyHtwjWOnwrKYBiwAmM0p4kLJAnXg==}
    engines: {node: '>=12.0.0'}
    peerDependencies:
      picomatch: ^3 || ^4
    peerDependenciesMeta:
      picomatch:
        optional: true

  fill-range@7.1.1:
    resolution: {integrity: sha512-YsGpe3WHLK8ZYi4tWDg2Jy3ebRz2rXowDxnld4bkQB00cc/1Zw9AWnC0i9ztDJitivtQvaI9KaLyKrc+hBW0yg==}
    engines: {node: '>=8'}

  fs-extra@11.3.5:
    resolution: {integrity: sha512-eKpRKAovdpZtR1WopLHxlBWvAgPny3c4gX1G5Jhwmmw4XJj0ifSD5qB5TOo8hmA0wlRKDAOAhEE1yVPgs6Fgcg==}
    engines: {node: '>=14.14'}

  fsevents@2.3.2:
    resolution: {integrity: sha512-xiqMQR4xAeHTuB9uWm+fFRcIOgKBMiOBP+eXiyT7jsgVCq1bkVygt00oASowB7EdtpOHaaPgKt812P9ab+DDKA==}
    engines: {node: ^8.16.0 || ^10.6.0 || >=11.0.0}
    os: [darwin]

  glob-parent@5.1.2:
    resolution: {integrity: sha512-AOIgSQCepiJYwP3ARnGx+5VnTu2HBYdzbGP45eLw1vr3zB3vZLeyed1sC9hnbcOc9/SrMyM5RPQrkGz4aS9Zow==}
    engines: {node: '>= 6'}

  glob-to-regex.js@1.2.0:
    resolution: {integrity: sha512-QMwlOQKU/IzqMUOAZWubUOT8Qft+Y0KQWnX9nK3ch0CJg0tTp4TvGZsTfudYKv2NzoQSyPcnA6TYeIQ3jGichQ==}
    engines: {node: '>=10.0'}
    peerDependencies:
      tslib: '2'

  graceful-fs@4.2.11:
    resolution: {integrity: sha512-RbJ5/jmFcNNCcDV5o9eTnBLJ/HszWV0P73bc+Ff4nS/rJj+YaS6IGyiOL0VoBYX+l1Wrl3k63h/KrH+nhJ0XvQ==}

  hyperdyperid@1.2.0:
    resolution: {integrity: sha512-Y93lCzHYgGWdrJ66yIktxiaGULYc6oGiABxhcO5AufBeOyoIdZF7bIfLaOrbM0iGIOXQQgxxRrFEnb+Y6w1n4A==}
    engines: {node: '>=10.18'}

  is-binary-path@2.1.0:
    resolution: {integrity: sha512-ZMERYes6pDydyuGidse7OsHxtbI7WVeUEozgR/g7rd0xUimYNlvZRE/K2MgZTjWy725IfelLeVcEM97mmtRGXw==}
    engines: {node: '>=8'}

  is-extglob@2.1.1:
    resolution: {integrity: sha512-SbKbANkN603Vi4jEZv49LeVJMn4yGwsbzZworEoyEiutsN3nJYdbO36zfhGJ6QEDpOZIFkDtnq5JRxmvl3jsoQ==}
    engines: {node: '>=0.10.0'}

  is-glob@4.0.3:
    resolution: {integrity: sha512-xelSayHH36ZgE7ZWhli7pW34hNbNl8Ojv5KVmkJD4hBdD3th8Tfk9vYasLM+mXWOZhFkgZfxhLSnrwRr4elSSg==}
    engines: {node: '>=0.10.0'}

  is-number@7.0.0:
    resolution: {integrity: sha512-41Cifkg6e8TylSpdtTpeLVMqvSBEVzTttHvERD741+pnZ8ANv0004MRL43QKPDlK9cGvNp6NZWZUBlbGXYxxng==}
    engines: {node: '>=0.12.0'}

  json5@2.2.3:
    resolution: {integrity: sha512-XmOWe7eyHYH14cLdVPoyg+GOH3rYX++KpzrylJwSW98t3Nk+U8XOl8FWKOgwtzdb8lXGf6zYwDUzeHMWfxasyg==}
    engines: {node: '>=6'}
    hasBin: true

  jsonfile@6.1.0:
    resolution: {integrity: sha512-5dgndWOriYSm5cnYaJNhalLNDKOqFwyDB/rr1E9ZsGciGvKPs8R2xYGCacuf3z6K1YKDz182fd+fY3cn3pMqXQ==}

  memfs@4.57.6:
    resolution: {integrity: sha512-WQK+DGjKCnPdpSyJUXphz+COF2uEhhsxQ3VIWBSbzpbbXuch3h4FePMqXrXGdLjsTgo4JFzBFsP6AWd9pVazGw==}
    peerDependencies:
      tslib: '2'

  normalize-path@3.0.0:
    resolution: {integrity: sha512-6eZs5Ls3WtCisHWp9S2GUy8dqkpGi4BVSz3GaqiE6ezub0512ESztXUwUB6C6IKbQkY2Pnb/mD4WYojCRwcwLA==}
    engines: {node: '>=0.10.0'}

  picocolors@1.1.1:
    resolution: {integrity: sha512-xceH2snhtb5M9liqDsmEw56le376mTZkEX/jEb/RxNFyegNul7eNslCXP9FDj/Lcu0X8KEyMceP2ntpaHrDEVA==}

  picomatch@2.3.2:
    resolution: {integrity: sha512-V7+vQEJ06Z+c5tSye8S+nHUfI51xoXIXjHQ99cQtKUkQqqO1kO/KCJUfZXuB47h/YBlDhah2H3hdUGXn8ie0oA==}
    engines: {node: '>=8.6'}

  picomatch@4.0.4:
    resolution: {integrity: sha512-QP88BAKvMam/3NxH6vj2o21R6MjxZUAd6nlwAS/pnGvN9IVLocLHxGYIzFhg6fUQ+5th6P4dv4eW9jX3DSIj7A==}
    engines: {node: '>=12'}

  playwright-core@1.60.0:
    resolution: {integrity: sha512-9bW6zvX/m0lEbgTKJ6YppOKx8H3VOPBMOCFh2irXFOT4BbHgrx5hPjwJYLT40Lu+4qtD36qKc/Hn56StUW57IA==}
    engines: {node: '>=18'}
    hasBin: true

  playwright@1.60.0:
    resolution: {integrity: sha512-hheHdokM8cdqCb0lcE3s+zT4t4W+vvjpGxsZlDnikarzx8tSzMebh3UiFtgqwFwnTnjYQcsyMF8ei2mCO/tpeA==}
    engines: {node: '>=18'}
    hasBin: true

  prettier@3.8.3:
    resolution: {integrity: sha512-7igPTM53cGHMW8xWuVTydi2KO233VFiTNyF5hLJqpilHfmn8C8gPf+PS7dUT64YcXFbiMGZxS9pCSxL/Dxm/Jw==}
    engines: {node: '>=14'}
    hasBin: true

  readdirp@3.6.0:
    resolution: {integrity: sha512-hOS089on8RduqdbhvQ5Z37A0ESjsqz6qnRcffsMU3495FuTdqSm+7bhJ29JvIOsBDEEnan5DPu9t3To9VRlMzA==}
    engines: {node: '>=8.10.0'}

  reduce-configs@1.1.2:
    resolution: {integrity: sha512-AgBP55V8FC7NaqoOP2RCbTpu6LE+YuX3LUZkNAoitcfyS3/PIC8Obg/TJrBzTkJ+lDvZv0TTAeDpLkzjTtYlbw==}

  rsbuild-plugin-dts@0.22.0:
    resolution: {integrity: sha512-Oyiu5oJDHWOnBv7yRr8eAGfoEddwxfPqUbAX6HvcJxrnR/h6Zd0VgTBWVTgqALYhLcL2ZdyZ2vwnqfhan4krwA==}
    engines: {node: ^20.19.0 || >=22.12.0}
    peerDependencies:
      '@microsoft/api-extractor': ^7
      '@rsbuild/core': ^1.0.0 || ^2.0.0-0
      '@typescript/native-preview': 7.x
      typescript: ^5 || ^6
    peerDependenciesMeta:
      '@microsoft/api-extractor':
        optional: true
      '@typescript/native-preview':
        optional: true
      typescript:
        optional: true

  simple-git-hooks@2.13.1:
    resolution: {integrity: sha512-WszCLXwT4h2k1ufIXAgsbiTOazqqevFCIncOuUBZJ91DdvWcC5+OFkluWRQPrcuSYd8fjq+o2y1QfWqYMoAToQ==}
    hasBin: true

  thingies@2.6.0:
    resolution: {integrity: sha512-rMHRjmlFLM1R96UYPvpmnc3LYtdFrT33JIB7L9hetGue1qAPfn1N2LJeEjxUSidu1Iku+haLZXDuEXUHNGO/lg==}
    engines: {node: '>=10.18'}
    peerDependencies:
      tslib: ^2

  tinyglobby@0.2.15:
    resolution: {integrity: sha512-j2Zq4NyQYG5XMST4cbs02Ak8iJUdxRM0XI5QyxXuZOzKOINmWurp3smXu3y5wDcJrptwpSjgXHzIQxR0omXljQ==}
    engines: {node: '>=12.0.0'}

  to-regex-range@5.0.1:
    resolution: {integrity: sha512-65P7iz6X5yEr1cwcgvQxbbIw7Uk3gOy5dIdtZ4rDveLqhrdJP+Li/Hx6tyK0NEb+2GCyneCMJiGqrADCSNk8sQ==}
    engines: {node: '>=8.0'}

  tree-dump@1.1.0:
    resolution: {integrity: sha512-rMuvhU4MCDbcbnleZTFezWsaZXRFemSqAM+7jPnzUl1fo9w3YEKOxAeui0fz3OI4EU4hf23iyA7uQRVko+UaBA==}
    engines: {node: '>=10.0'}
    peerDependencies:
      tslib: '2'

  ts-checker-rspack-plugin@1.4.0:
    resolution: {integrity: sha512-xPBPe6n9XZW9vMw4PFJLZFY372rejKK8UFC12i33J+yJK+fmsQQ4k9eoOlbLE0zC6vftyKDhvfMF3RyMFFTOZw==}
    peerDependencies:
      '@rspack/core': ^1.0.0 || ^2.0.0
      '@typescript/native-preview': ^7.0.0-0
      typescript: '>=3.8.0'
    peerDependenciesMeta:
      '@rspack/core':
        optional: true
      '@typescript/native-preview':
        optional: true

  tslib@2.8.1:
    resolution: {integrity: sha512-oJFu94HQb+KVduSUQL7wnpmqnfmLsOA/nAh6b6EH0wCEoK0/mPeXU6c3wKDV83MkOuHPRHtSXKKU99IBazS/2w==}

  typescript@6.0.3:
    resolution: {integrity: sha512-y2TvuxSZPDyQakkFRPZHKFm+KKVqIisdg9/CZwm9ftvKXLP8NRWj38/ODjNbr43SsoXqNuAisEf1GdCxqWcdBw==}
    engines: {node: '>=14.17'}
    hasBin: true

  undici-types@7.16.0:
    resolution: {integrity: sha512-Zz+aZWSj8LE6zoxD+xrjh4VfkIG8Ya6LvYkZqtUQGJPZjYl53ypCaUwWqo7eI0x66KBGeRo+mlBEkMSeSZ38Nw==}

  universalify@2.0.1:
    resolution: {integrity: sha512-gptHNQghINnc/vTGIk0SOFGFNXw7JVrlRUtConJRlvaw6DuX0wO5Jeko9sWrMBhh+PsYAZ7oXAiOnf/UKogyiw==}
    engines: {node: '>= 10.0.0'}

snapshots:

  '@ast-grep/napi-darwin-arm64@0.37.0':
    optional: true

  '@ast-grep/napi-darwin-x64@0.37.0':
    optional: true

  '@ast-grep/napi-linux-arm64-gnu@0.37.0':
    optional: true

  '@ast-grep/napi-linux-arm64-musl@0.37.0':
    optional: true

  '@ast-grep/napi-linux-x64-gnu@0.37.0':
    optional: true

  '@ast-grep/napi-linux-x64-musl@0.37.0':
    optional: true

  '@ast-grep/napi-win32-arm64-msvc@0.37.0':
    optional: true

  '@ast-grep/napi-win32-ia32-msvc@0.37.0':
    optional: true

  '@ast-grep/napi-win32-x64-msvc@0.37.0':
    optional: true

  '@ast-grep/napi@0.37.0':
    optionalDependencies:
      '@ast-grep/napi-darwin-arm64': 0.37.0
      '@ast-grep/napi-darwin-x64': 0.37.0
      '@ast-grep/napi-linux-arm64-gnu': 0.37.0
      '@ast-grep/napi-linux-arm64-musl': 0.37.0
      '@ast-grep/napi-linux-x64-gnu': 0.37.0
      '@ast-grep/napi-linux-x64-musl': 0.37.0
      '@ast-grep/napi-win32-arm64-msvc': 0.37.0
      '@ast-grep/napi-win32-ia32-msvc': 0.37.0
      '@ast-grep/napi-win32-x64-msvc': 0.37.0

  '@emnapi/core@1.10.0':
    dependencies:
      '@emnapi/wasi-threads': 1.2.1
      tslib: 2.8.1
    optional: true

  '@emnapi/runtime@1.10.0':
    dependencies:
      tslib: 2.8.1
    optional: true

  '@emnapi/wasi-threads@1.2.1':
    dependencies:
      tslib: 2.8.1
    optional: true

  '@jsonjoy.com/base64@1.1.2(tslib@2.8.1)':
    dependencies:
      tslib: 2.8.1

  '@jsonjoy.com/base64@17.67.0(tslib@2.8.1)':
    dependencies:
      tslib: 2.8.1

  '@jsonjoy.com/buffers@1.2.1(tslib@2.8.1)':
    dependencies:
      tslib: 2.8.1

  '@jsonjoy.com/buffers@17.67.0(tslib@2.8.1)':
    dependencies:
      tslib: 2.8.1

  '@jsonjoy.com/codegen@1.0.0(tslib@2.8.1)':
    dependencies:
      tslib: 2.8.1

  '@jsonjoy.com/codegen@17.67.0(tslib@2.8.1)':
    dependencies:
      tslib: 2.8.1

  '@jsonjoy.com/fs-core@4.57.6(tslib@2.8.1)':
    dependencies:
      '@jsonjoy.com/fs-node-builtins': 4.57.6(tslib@2.8.1)
      '@jsonjoy.com/fs-node-utils': 4.57.6(tslib@2.8.1)
      thingies: 2.6.0(tslib@2.8.1)
      tslib: 2.8.1

  '@jsonjoy.com/fs-fsa@4.57.6(tslib@2.8.1)':
    dependencies:
      '@jsonjoy.com/fs-core': 4.57.6(tslib@2.8.1)
      '@jsonjoy.com/fs-node-builtins': 4.57.6(tslib@2.8.1)
      '@jsonjoy.com/fs-node-utils': 4.57.6(tslib@2.8.1)
      thingies: 2.6.0(tslib@2.8.1)
      tslib: 2.8.1

  '@jsonjoy.com/fs-node-builtins@4.57.6(tslib@2.8.1)':
    dependencies:
      tslib: 2.8.1

  '@jsonjoy.com/fs-node-to-fsa@4.57.6(tslib@2.8.1)':
    dependencies:
      '@jsonjoy.com/fs-fsa': 4.57.6(tslib@2.8.1)
      '@jsonjoy.com/fs-node-builtins': 4.57.6(tslib@2.8.1)
      '@jsonjoy.com/fs-node-utils': 4.57.6(tslib@2.8.1)
      tslib: 2.8.1

  '@jsonjoy.com/fs-node-utils@4.57.6(tslib@2.8.1)':
    dependencies:
      '@jsonjoy.com/fs-node-builtins': 4.57.6(tslib@2.8.1)
      tslib: 2.8.1

  '@jsonjoy.com/fs-node@4.57.6(tslib@2.8.1)':
    dependencies:
      '@jsonjoy.com/fs-core': 4.57.6(tslib@2.8.1)
      '@jsonjoy.com/fs-node-builtins': 4.57.6(tslib@2.8.1)
      '@jsonjoy.com/fs-node-utils': 4.57.6(tslib@2.8.1)
      '@jsonjoy.com/fs-print': 4.57.6(tslib@2.8.1)
      '@jsonjoy.com/fs-snapshot': 4.57.6(tslib@2.8.1)
      glob-to-regex.js: 1.2.0(tslib@2.8.1)
      thingies: 2.6.0(tslib@2.8.1)
      tslib: 2.8.1

  '@jsonjoy.com/fs-print@4.57.6(tslib@2.8.1)':
    dependencies:
      '@jsonjoy.com/fs-node-utils': 4.57.6(tslib@2.8.1)
      tree-dump: 1.1.0(tslib@2.8.1)
      tslib: 2.8.1

  '@jsonjoy.com/fs-snapshot@4.57.6(tslib@2.8.1)':
    dependencies:
      '@jsonjoy.com/buffers': 17.67.0(tslib@2.8.1)
      '@jsonjoy.com/fs-node-utils': 4.57.6(tslib@2.8.1)
      '@jsonjoy.com/json-pack': 17.67.0(tslib@2.8.1)
      '@jsonjoy.com/util': 17.67.0(tslib@2.8.1)
      tslib: 2.8.1

  '@jsonjoy.com/json-pack@1.21.0(tslib@2.8.1)':
    dependencies:
      '@jsonjoy.com/base64': 1.1.2(tslib@2.8.1)
      '@jsonjoy.com/buffers': 1.2.1(tslib@2.8.1)
      '@jsonjoy.com/codegen': 1.0.0(tslib@2.8.1)
      '@jsonjoy.com/json-pointer': 1.0.2(tslib@2.8.1)
      '@jsonjoy.com/util': 1.9.0(tslib@2.8.1)
      hyperdyperid: 1.2.0
      thingies: 2.6.0(tslib@2.8.1)
      tree-dump: 1.1.0(tslib@2.8.1)
      tslib: 2.8.1

  '@jsonjoy.com/json-pack@17.67.0(tslib@2.8.1)':
    dependencies:
      '@jsonjoy.com/base64': 17.67.0(tslib@2.8.1)
      '@jsonjoy.com/buffers': 17.67.0(tslib@2.8.1)
      '@jsonjoy.com/codegen': 17.67.0(tslib@2.8.1)
      '@jsonjoy.com/json-pointer': 17.67.0(tslib@2.8.1)
      '@jsonjoy.com/util': 17.67.0(tslib@2.8.1)
      hyperdyperid: 1.2.0
      thingies: 2.6.0(tslib@2.8.1)
      tree-dump: 1.1.0(tslib@2.8.1)
      tslib: 2.8.1

  '@jsonjoy.com/json-pointer@1.0.2(tslib@2.8.1)':
    dependencies:
      '@jsonjoy.com/codegen': 1.0.0(tslib@2.8.1)
      '@jsonjoy.com/util': 1.9.0(tslib@2.8.1)
      tslib: 2.8.1

  '@jsonjoy.com/json-pointer@17.67.0(tslib@2.8.1)':
    dependencies:
      '@jsonjoy.com/util': 17.67.0(tslib@2.8.1)
      tslib: 2.8.1

  '@jsonjoy.com/util@1.9.0(tslib@2.8.1)':
    dependencies:
      '@jsonjoy.com/buffers': 1.2.1(tslib@2.8.1)
      '@jsonjoy.com/codegen': 1.0.0(tslib@2.8.1)
      tslib: 2.8.1

  '@jsonjoy.com/util@17.67.0(tslib@2.8.1)':
    dependencies:
      '@jsonjoy.com/buffers': 17.67.0(tslib@2.8.1)
      '@jsonjoy.com/codegen': 17.67.0(tslib@2.8.1)
      tslib: 2.8.1

  '@napi-rs/wasm-runtime@1.1.4(@emnapi/core@1.10.0)(@emnapi/runtime@1.10.0)':
    dependencies:
      '@emnapi/core': 1.10.0
      '@emnapi/runtime': 1.10.0
      '@tybys/wasm-util': 0.10.1
    optional: true

  '@playwright/test@1.60.0':
    dependencies:
      playwright: 1.60.0

  '@rsbuild/core@2.0.9':
    dependencies:
      '@rspack/core': 2.0.5(@swc/helpers@0.5.23)
      '@swc/helpers': 0.5.23
    transitivePeerDependencies:
      - '@module-federation/runtime-tools'

  '@rslib/core@0.22.0(@typescript/native-preview@7.0.0-dev.20260607.1)(typescript@6.0.3)':
    dependencies:
      '@rsbuild/core': 2.0.9
      rsbuild-plugin-dts: 0.22.0(@rsbuild/core@2.0.9)(@typescript/native-preview@7.0.0-dev.20260607.1)(typescript@6.0.3)
    optionalDependencies:
      typescript: 6.0.3
    transitivePeerDependencies:
      - '@module-federation/runtime-tools'
      - '@typescript/native-preview'
      - core-js

  '@rslint/core@0.5.3':
    dependencies:
      picomatch: 4.0.4
      tinyglobby: 0.2.15
    optionalDependencies:
      '@rslint/darwin-arm64': 0.5.3
      '@rslint/darwin-x64': 0.5.3
      '@rslint/linux-arm64': 0.5.3
      '@rslint/linux-x64': 0.5.3
      '@rslint/win32-arm64': 0.5.3
      '@rslint/win32-x64': 0.5.3

  '@rslint/darwin-arm64@0.5.3':
    optional: true

  '@rslint/darwin-x64@0.5.3':
    optional: true

  '@rslint/linux-arm64@0.5.3':
    optional: true

  '@rslint/linux-x64@0.5.3':
    optional: true

  '@rslint/win32-arm64@0.5.3':
    optional: true

  '@rslint/win32-x64@0.5.3':
    optional: true

  '@rspack/binding-darwin-arm64@2.0.5':
    optional: true

  '@rspack/binding-darwin-x64@2.0.5':
    optional: true

  '@rspack/binding-linux-arm64-gnu@2.0.5':
    optional: true

  '@rspack/binding-linux-arm64-musl@2.0.5':
    optional: true

  '@rspack/binding-linux-x64-gnu@2.0.5':
    optional: true

  '@rspack/binding-linux-x64-musl@2.0.5':
    optional: true

  '@rspack/binding-wasm32-wasi@2.0.5':
    dependencies:
      '@emnapi/core': 1.10.0
      '@emnapi/runtime': 1.10.0
      '@napi-rs/wasm-runtime': 1.1.4(@emnapi/core@1.10.0)(@emnapi/runtime@1.10.0)
    optional: true

  '@rspack/binding-win32-arm64-msvc@2.0.5':
    optional: true

  '@rspack/binding-win32-ia32-msvc@2.0.5':
    optional: true

  '@rspack/binding-win32-x64-msvc@2.0.5':
    optional: true

  '@rspack/binding@2.0.5':
    optionalDependencies:
      '@rspack/binding-darwin-arm64': 2.0.5
      '@rspack/binding-darwin-x64': 2.0.5
      '@rspack/binding-linux-arm64-gnu': 2.0.5
      '@rspack/binding-linux-arm64-musl': 2.0.5
      '@rspack/binding-linux-x64-gnu': 2.0.5
      '@rspack/binding-linux-x64-musl': 2.0.5
      '@rspack/binding-wasm32-wasi': 2.0.5
      '@rspack/binding-win32-arm64-msvc': 2.0.5
      '@rspack/binding-win32-ia32-msvc': 2.0.5
      '@rspack/binding-win32-x64-msvc': 2.0.5

  '@rspack/core@2.0.5(@swc/helpers@0.5.23)':
    dependencies:
      '@rspack/binding': 2.0.5
    optionalDependencies:
      '@swc/helpers': 0.5.23

  '@rspack/lite-tapable@1.1.2': {}

  '@swc/helpers@0.5.23':
    dependencies:
      tslib: 2.8.1

  '@tybys/wasm-util@0.10.1':
    dependencies:
      tslib: 2.8.1
    optional: true

  '@types/fs-extra@11.0.4':
    dependencies:
      '@types/jsonfile': 6.1.4
      '@types/node': 24.12.4

  '@types/jsonfile@6.1.4':
    dependencies:
      '@types/node': 24.12.4

  '@types/node@24.12.4':
    dependencies:
      undici-types: 7.16.0

  '@typescript/native-preview-darwin-arm64@7.0.0-dev.20260607.1':
    optional: true

  '@typescript/native-preview-darwin-x64@7.0.0-dev.20260607.1':
    optional: true

  '@typescript/native-preview-linux-arm64@7.0.0-dev.20260607.1':
    optional: true

  '@typescript/native-preview-linux-arm@7.0.0-dev.20260607.1':
    optional: true

  '@typescript/native-preview-linux-x64@7.0.0-dev.20260607.1':
    optional: true

  '@typescript/native-preview-win32-arm64@7.0.0-dev.20260607.1':
    optional: true

  '@typescript/native-preview-win32-x64@7.0.0-dev.20260607.1':
    optional: true

  '@typescript/native-preview@7.0.0-dev.20260607.1':
    optionalDependencies:
      '@typescript/native-preview-darwin-arm64': 7.0.0-dev.20260607.1
      '@typescript/native-preview-darwin-x64': 7.0.0-dev.20260607.1
      '@typescript/native-preview-linux-arm': 7.0.0-dev.20260607.1
      '@typescript/native-preview-linux-arm64': 7.0.0-dev.20260607.1
      '@typescript/native-preview-linux-x64': 7.0.0-dev.20260607.1
      '@typescript/native-preview-win32-arm64': 7.0.0-dev.20260607.1
      '@typescript/native-preview-win32-x64': 7.0.0-dev.20260607.1

  anymatch@3.1.3:
    dependencies:
      normalize-path: 3.0.0
      picomatch: 2.3.2

  binary-extensions@2.3.0: {}

  braces@3.0.3:
    dependencies:
      fill-range: 7.1.1

  chokidar@3.6.0:
    dependencies:
      anymatch: 3.1.3
      braces: 3.0.3
      glob-parent: 5.1.2
      is-binary-path: 2.1.0
      is-glob: 4.0.3
      normalize-path: 3.0.0
      readdirp: 3.6.0
    optionalDependencies:
      fsevents: 2.3.2

  deepmerge@4.3.1: {}

  fdir@6.5.0(picomatch@4.0.4):
    optionalDependencies:
      picomatch: 4.0.4

  fill-range@7.1.1:
    dependencies:
      to-regex-range: 5.0.1

  fs-extra@11.3.5:
    dependencies:
      graceful-fs: 4.2.11
      jsonfile: 6.1.0
      universalify: 2.0.1

  fsevents@2.3.2:
    optional: true

  glob-parent@5.1.2:
    dependencies:
      is-glob: 4.0.3

  glob-to-regex.js@1.2.0(tslib@2.8.1):
    dependencies:
      tslib: 2.8.1

  graceful-fs@4.2.11: {}

  hyperdyperid@1.2.0: {}

  is-binary-path@2.1.0:
    dependencies:
      binary-extensions: 2.3.0

  is-extglob@2.1.1: {}

  is-glob@4.0.3:
    dependencies:
      is-extglob: 2.1.1

  is-number@7.0.0: {}

  json5@2.2.3: {}

  jsonfile@6.1.0:
    dependencies:
      universalify: 2.0.1
    optionalDependencies:
      graceful-fs: 4.2.11

  memfs@4.57.6(tslib@2.8.1):
    dependencies:
      '@jsonjoy.com/fs-core': 4.57.6(tslib@2.8.1)
      '@jsonjoy.com/fs-fsa': 4.57.6(tslib@2.8.1)
      '@jsonjoy.com/fs-node': 4.57.6(tslib@2.8.1)
      '@jsonjoy.com/fs-node-builtins': 4.57.6(tslib@2.8.1)
      '@jsonjoy.com/fs-node-to-fsa': 4.57.6(tslib@2.8.1)
      '@jsonjoy.com/fs-node-utils': 4.57.6(tslib@2.8.1)
      '@jsonjoy.com/fs-print': 4.57.6(tslib@2.8.1)
      '@jsonjoy.com/fs-snapshot': 4.57.6(tslib@2.8.1)
      '@jsonjoy.com/json-pack': 1.21.0(tslib@2.8.1)
      '@jsonjoy.com/util': 1.9.0(tslib@2.8.1)
      glob-to-regex.js: 1.2.0(tslib@2.8.1)
      thingies: 2.6.0(tslib@2.8.1)
      tree-dump: 1.1.0(tslib@2.8.1)
      tslib: 2.8.1

  normalize-path@3.0.0: {}

  picocolors@1.1.1: {}

  picomatch@2.3.2: {}

  picomatch@4.0.4: {}

  playwright-core@1.60.0: {}

  playwright@1.60.0:
    dependencies:
      playwright-core: 1.60.0
    optionalDependencies:
      fsevents: 2.3.2

  prettier@3.8.3: {}

  readdirp@3.6.0:
    dependencies:
      picomatch: 2.3.2

  reduce-configs@1.1.2: {}

  rsbuild-plugin-dts@0.22.0(@rsbuild/core@2.0.9)(@typescript/native-preview@7.0.0-dev.20260607.1)(typescript@6.0.3):
    dependencies:
      '@ast-grep/napi': 0.37.0
      '@rsbuild/core': 2.0.9
    optionalDependencies:
      '@typescript/native-preview': 7.0.0-dev.20260607.1
      typescript: 6.0.3

  simple-git-hooks@2.13.1: {}

  thingies@2.6.0(tslib@2.8.1):
    dependencies:
      tslib: 2.8.1

  tinyglobby@0.2.15:
    dependencies:
      fdir: 6.5.0(picomatch@4.0.4)
      picomatch: 4.0.4

  to-regex-range@5.0.1:
    dependencies:
      is-number: 7.0.0

  tree-dump@1.1.0(tslib@2.8.1):
    dependencies:
      tslib: 2.8.1

  ts-checker-rspack-plugin@1.4.0(@rspack/core@2.0.5(@swc/helpers@0.5.23))(@typescript/native-preview@7.0.0-dev.20260607.1)(tslib@2.8.1)(typescript@6.0.3):
    dependencies:
      '@rspack/lite-tapable': 1.1.2
      chokidar: 3.6.0
      memfs: 4.57.6(tslib@2.8.1)
      picocolors: 1.1.1
      typescript: 6.0.3
    optionalDependencies:
      '@rspack/core': 2.0.5(@swc/helpers@0.5.23)
      '@typescript/native-preview': 7.0.0-dev.20260607.1
    transitivePeerDependencies:
      - tslib

  tslib@2.8.1: {}

  typescript@6.0.3: {}

  undici-types@7.16.0: {}

  universalify@2.0.1: {}
